
Microsoft Visual Studio Solution File, Format Version 12.00
# Visual Studio Version 17
VisualStudioVersion = 17.2.32616.157
MinimumVisualStudioVersion = 10.0.40219.1
Project("{FAE04EC0-301F-11D3-BF4B-00C04F79EFBC}") = "ServicoGestaoClinete.API", "ServicoGestaoClinete.API\ServicoGestaoClinete.API.csproj", "{DE1815CC-FB9B-4AC3-AFCF-19BAD26D401D}"
EndProject
Project("{2150E333-8FDC-42A3-9474-1A3956D46DE8}") = "1 - Camada de Serviço", "1 - Camada de Serviço", "{CE5228A0-E52A-46A0-86AB-54CD2CC9BA3E}"
EndProject
Project("{2150E333-8FDC-42A3-9474-1A3956D46DE8}") = "2 - Camda de Acess a Dados", "2 - Camda de Acess a Dados", "{8E10FB23-09C6-4F4E-A140-446AC76DBED4}"
EndProject
Project("{FAE04EC0-301F-11D3-BF4B-00C04F79EFBC}") = "ServicoGestaoClinete.Data", "ServicoGestaoClinete.Data\ServicoGestaoClinete.Data.csproj", "{1E58E9EC-9E88-45FA-BB8B-A2B35292AD1C}"
EndProject
Global
	GlobalSection(SolutionConfigurationPlatforms) = preSolution
		Debug|Any CPU = Debug|Any CPU
		Release|Any CPU = Release|Any CPU
	EndGlobalSection
	GlobalSection(ProjectConfigurationPlatforms) = postSolution
		{DE1815CC-FB9B-4AC3-AFCF-19BAD26D401D}.Debug|Any CPU.ActiveCfg = Debug|Any CPU
		{DE1815CC-FB9B-4AC3-AFCF-19BAD26D401D}.Debug|Any CPU.Build.0 = Debug|Any CPU
		{DE1815CC-FB9B-4AC3-AFCF-19BAD26D401D}.Release|Any CPU.ActiveCfg = Release|Any CPU
		{DE1815CC-FB9B-4AC3-AFCF-19BAD26D401D}.Release|Any CPU.Build.0 = Release|Any CPU
		{1E58E9EC-9E88-45FA-BB8B-A2B35292AD1C}.Debug|Any CPU.ActiveCfg = Debug|Any CPU
		{1E58E9EC-9E88-45FA-BB8B-A2B35292AD1C}.Debug|Any CPU.Build.0 = Debug|Any CPU
		{1E58E9EC-9E88-45FA-BB8B-A2B35292AD1C}.Release|Any CPU.ActiveCfg = Release|Any CPU
		{1E58E9EC-9E88-45FA-BB8B-A2B35292AD1C}.Release|Any CPU.Build.0 = Release|Any CPU
	EndGlobalSection
	GlobalSection(SolutionProperties) = preSolution
		HideSolutionNode = FALSE
	EndGlobalSection
	GlobalSection(NestedProjects) = preSolution
		{DE1815CC-FB9B-4AC3-AFCF-19BAD26D401D} = {CE5228A0-E52A-46A0-86AB-54CD2CC9BA3E}
		{1E58E9EC-9E88-45FA-BB8B-A2B35292AD1C} = {8E10FB23-09C6-4F4E-A140-446AC76DBED4}
	EndGlobalSection
	GlobalSection(ExtensibilityGlobals) = postSolution
		SolutionGuid = {5CE8AEE6-34C2-4E7F-9E2B-11827B95D241}
	EndGlobalSection
EndGlobal
